<?xml version="1.0" encoding="utf-8"?>
<Project ToolsVersion="4.0" xmlns="http://schemas.microsoft.com/developer/msbuild/2003">
  <ItemGroup>
    <Filter Include="Source Files">
      <UniqueIdentifier>{4FC737F1-C7A5-4376-A066-2A32D752A2FF}</UniqueIdentifier>
      <Extensions>cpp;c;cc;cxx;c++;cppm;ixx;def;odl;idl;hpj;bat;asm;asmx</Extensions>
    </Filter>
    <Filter Include="Source Files\readFile">
      <UniqueIdentifier>{35a1d4e4-9488-4639-99ce-96b6c9f80e87}</UniqueIdentifier>
    </Filter>
    <Filter Include="Source Files\tokenizer">
      <UniqueIdentifier>{01bceeea-5278-4583-849d-4032110cf6f7}</UniqueIdentifier>
    </Filter>
    <Filter Include="Source Files\metaData">
      <UniqueIdentifier>{07e019fe-ba48-4ac6-b025-d4b34bfbc798}</UniqueIdentifier>
    </Filter>
    <Filter Include="Source Files\stringTools">
      <UniqueIdentifier>{efe63f4e-aa5f-4300-aa64-94aea8de3f3b}</UniqueIdentifier>
    </Filter>
    <Filter Include="Source Files\stringTools\string_remove">
      <UniqueIdentifier>{72a11264-3159-4574-9ce4-951ccf8e00ce}</UniqueIdentifier>
    </Filter>
    <Filter Include="Source Files\stringTools\string_find">
      <UniqueIdentifier>{e8f9ab8e-9e56-4071-bc30-824a98c4b91d}</UniqueIdentifier>
    </Filter>
    <Filter Include="Source Files\stringTools\string_replace">
      <UniqueIdentifier>{e2d9471f-d287-41bc-8ce6-a272d9db158f}</UniqueIdentifier>
    </Filter>
    <Filter Include="Source Files\stringTools\string_contain">
      <UniqueIdentifier>{83aaf4e9-a11c-4b15-b048-19d405a91a63}</UniqueIdentifier>
    </Filter>
    <Filter Include="Source Files\stringTools\string_split">
      <UniqueIdentifier>{949903f1-c6f0-431c-aedc-8bf1dd71d013}</UniqueIdentifier>
    </Filter>
    <Filter Include="Source Files\stringTools\string_hash">
      <UniqueIdentifier>{f88597c5-2be3-4be8-b7be-4569a2383cd2}</UniqueIdentifier>
    </Filter>
    <Filter Include="Source Files\stringTools\string_copy">
      <UniqueIdentifier>{ef7f5d00-4549-4cb7-9f43-7c55ccff0774}</UniqueIdentifier>
    </Filter>
    <Filter Include="Source Files\transpiller">
      <UniqueIdentifier>{64e4a780-8136-4eaf-bd60-7c85a84b95f7}</UniqueIdentifier>
    </Filter>
    <Filter Include="Source Files\metaData\types">
      <UniqueIdentifier>{388187d7-51b9-4fcd-b121-71b339324082}</UniqueIdentifier>
    </Filter>
    <Filter Include="Source Files\metaData\var">
      <UniqueIdentifier>{d44b7eeb-1162-4ada-aa19-8ba1191b3068}</UniqueIdentifier>
    </Filter>
    <Filter Include="Source Files\transpiller\soulCheckers">
      <UniqueIdentifier>{dd06883d-5be9-48b0-959f-b6b05bc08e4b}</UniqueIdentifier>
    </Filter>
    <Filter Include="Source Files\transpiller\cppConverter">
      <UniqueIdentifier>{d7ce423b-4b22-427f-a70e-14f586ee5811}</UniqueIdentifier>
    </Filter>
    <Filter Include="Source Files\transpiller\func">
      <UniqueIdentifier>{23e74551-d281-4d9b-910f-58b034fba510}</UniqueIdentifier>
    </Filter>
    <Filter Include="Source Files\transpiller\func\funcBody">
      <UniqueIdentifier>{1174d11f-cd99-4b76-ba3d-13d0e2f39623}</UniqueIdentifier>
    </Filter>
    <Filter Include="Source Files\transpiller\func\funcDecleration">
      <UniqueIdentifier>{3527d4e5-1027-4031-a4c6-7d1151a42a68}</UniqueIdentifier>
    </Filter>
    <Filter Include="Source Files\transpiller\func\funcDecleration\storeArguments">
      <UniqueIdentifier>{5468ee91-88f4-4068-9c0a-fe5155fc6afe}</UniqueIdentifier>
    </Filter>
    <Filter Include="Source Files\transpiller\func\scope">
      <UniqueIdentifier>{7a75fab2-0608-4ee1-b94e-99b0b5123de7}</UniqueIdentifier>
    </Filter>
    <Filter Include="Source Files\transpiller\func\funcBody\callFunc">
      <UniqueIdentifier>{d22fab18-9a76-4155-9713-3a73d3b68d49}</UniqueIdentifier>
    </Filter>
    <Filter Include="Source Files\transpiller\func\funcBody\varSetter">
      <UniqueIdentifier>{2868b7bb-0466-48e4-a5a3-b56544ac050a}</UniqueIdentifier>
    </Filter>
  </ItemGroup>
  <ItemGroup>
    <ClCompile Include="main.cpp">
      <Filter>Source Files</Filter>
    </ClCompile>
    <ClCompile Include="readFile.cpp">
      <Filter>Source Files\readFile</Filter>
    </ClCompile>
    <ClCompile Include="tokenizer.cpp">
      <Filter>Source Files\tokenizer</Filter>
    </ClCompile>
    <ClCompile Include="Tokens.h">
      <Filter>Source Files\metaData</Filter>
    </ClCompile>
    <ClCompile Include="string_remove.cpp">
      <Filter>Source Files\stringTools\string_remove</Filter>
    </ClCompile>
    <ClCompile Include="string_find.cpp">
      <Filter>Source Files\stringTools\string_find</Filter>
    </ClCompile>
    <ClCompile Include="string_replace.cpp">
      <Filter>Source Files\stringTools\string_replace</Filter>
    </ClCompile>
    <ClCompile Include="string_contain.cpp">
      <Filter>Source Files\stringTools\string_contain</Filter>
    </ClCompile>
    <ClCompile Include="string_split.cpp">
      <Filter>Source Files\stringTools\string_split</Filter>
    </ClCompile>
    <ClCompile Include="string_hash.cpp">
      <Filter>Source Files\stringTools\string_hash</Filter>
    </ClCompile>
    <ClCompile Include="string_copy.cpp">
      <Filter>Source Files\stringTools\string_copy</Filter>
    </ClCompile>
    <ClCompile Include="transpiller.cpp">
      <Filter>Source Files\transpiller</Filter>
    </ClCompile>
    <ClCompile Include="funcDecleration.cpp">
      <Filter>Source Files\transpiller\func\funcDecleration</Filter>
    </ClCompile>
    <ClCompile Include="Type.cpp">
      <Filter>Source Files\metaData\types</Filter>
    </ClCompile>
    <ClCompile Include="ArgumentType.cpp">
      <Filter>Source Files\metaData\types</Filter>
    </ClCompile>
    <ClCompile Include="soulCheckers.cpp">
      <Filter>Source Files\transpiller\soulCheckers</Filter>
    </ClCompile>
    <ClCompile Include="storeArguments.cpp">
      <Filter>Source Files\transpiller\func\funcDecleration\storeArguments</Filter>
    </ClCompile>
    <ClCompile Include="cppConverter.cpp">
      <Filter>Source Files\transpiller\cppConverter</Filter>
    </ClCompile>
    <ClCompile Include="funcBody.cpp">
      <Filter>Source Files\transpiller\func\funcBody</Filter>
    </ClCompile>
    <ClCompile Include="scope.cpp">
      <Filter>Source Files\transpiller\func\scope</Filter>
    </ClCompile>
    <ClCompile Include="callFunc.cpp">
      <Filter>Source Files\transpiller\func\funcBody\callFunc</Filter>
    </ClCompile>
    <ClCompile Include="varSetter.cpp">
      <Filter>Source Files\transpiller\func\funcBody\varSetter</Filter>
    </ClCompile>
  </ItemGroup>
  <ItemGroup>
    <None Include="Source.soul">
      <Filter>Source Files</Filter>
    </None>
  </ItemGroup>
  <ItemGroup>
    <ClInclude Include="readFile.h">
      <Filter>Source Files\readFile</Filter>
    </ClInclude>
    <ClInclude Include="tokenizer.h">
      <Filter>Source Files\tokenizer</Filter>
    </ClInclude>
    <ClInclude Include="stringTools.h">
      <Filter>Source Files\stringTools</Filter>
    </ClInclude>
    <ClInclude Include="string_remove.h">
      <Filter>Source Files\stringTools\string_remove</Filter>
    </ClInclude>
    <ClInclude Include="string_find.h">
      <Filter>Source Files\stringTools\string_find</Filter>
    </ClInclude>
    <ClInclude Include="string_replace.h">
      <Filter>Source Files\stringTools\string_replace</Filter>
    </ClInclude>
    <ClInclude Include="string_contain.h">
      <Filter>Source Files\stringTools\string_contain</Filter>
    </ClInclude>
    <ClInclude Include="string_split.h">
      <Filter>Source Files\stringTools\string_split</Filter>
    </ClInclude>
    <ClInclude Include="string_hash.h">
      <Filter>Source Files\stringTools\string_hash</Filter>
    </ClInclude>
    <ClInclude Include="string_copy.h">
      <Filter>Source Files\stringTools\string_copy</Filter>
    </ClInclude>
    <ClInclude Include="C_strPair.h">
      <Filter>Source Files\metaData</Filter>
    </ClInclude>
    <ClInclude Include="metaData.hpp">
      <Filter>Source Files\metaData</Filter>
    </ClInclude>
    <ClInclude Include="transpiller.h">
      <Filter>Source Files\transpiller</Filter>
    </ClInclude>
    <ClInclude Include="funcDecleration.h">
      <Filter>Source Files\transpiller\func\funcDecleration</Filter>
    </ClInclude>
    <ClInclude Include="FuncInfo.h">
      <Filter>Source Files\metaData</Filter>
    </ClInclude>
    <ClInclude Include="Type.h">
      <Filter>Source Files\metaData\types</Filter>
    </ClInclude>
    <ClInclude Include="ArgumentInfo.h">
      <Filter>Source Files\metaData</Filter>
    </ClInclude>
    <ClInclude Include="ArgumentType.h">
      <Filter>Source Files\metaData\types</Filter>
    </ClInclude>
    <ClInclude Include="VarInfo.h">
      <Filter>Source Files\metaData\var</Filter>
    </ClInclude>
    <ClInclude Include="internalFunction.h">
      <Filter>Source Files\metaData</Filter>
    </ClInclude>
    <ClInclude Include="TokenIterator.h">
      <Filter>Source Files\metaData</Filter>
    </ClInclude>
    <ClInclude Include="Result.h">
      <Filter>Source Files</Filter>
    </ClInclude>
    <ClInclude Include="soulCheckers.h">
      <Filter>Source Files\transpiller\soulCheckers</Filter>
    </ClInclude>
    <ClInclude Include="storeArguments.h">
      <Filter>Source Files\transpiller\func\funcDecleration\storeArguments</Filter>
    </ClInclude>
    <ClInclude Include="cppConverter.h">
      <Filter>Source Files\transpiller\cppConverter</Filter>
    </ClInclude>
    <ClInclude Include="funcBody.h">
      <Filter>Source Files\transpiller\func\funcBody</Filter>
    </ClInclude>
    <ClInclude Include="scope.h">
      <Filter>Source Files\transpiller\func\scope</Filter>
    </ClInclude>
    <ClInclude Include="callFunc.h">
      <Filter>Source Files\transpiller\func\funcBody\callFunc</Filter>
    </ClInclude>
    <ClInclude Include="varSetter.h">
      <Filter>Source Files\transpiller\func\funcBody\varSetter</Filter>
    </ClInclude>
  </ItemGroup>
</Project>