<?xml version="1.0" encoding="utf-8"?>
<Project ToolsVersion="4.0" xmlns="http://schemas.microsoft.com/developer/msbuild/2003">
  <ItemGroup>
    <Filter Include="Source Files">
      <UniqueIdentifier>{4FC737F1-C7A5-4376-A066-2A32D752A2FF}</UniqueIdentifier>
      <Extensions>cpp;c;cc;cxx;c++;cppm;ixx;def;odl;idl;hpj;bat;asm;asmx</Extensions>
    </Filter>
    <Filter Include="Source Files\readFile">
      <UniqueIdentifier>{35a1d4e4-9488-4639-99ce-96b6c9f80e87}</UniqueIdentifier>
    </Filter>
    <Filter Include="Source Files\tokenizer">
      <UniqueIdentifier>{01bceeea-5278-4583-849d-4032110cf6f7}</UniqueIdentifier>
    </Filter>
    <Filter Include="Source Files\stringTools">
      <UniqueIdentifier>{efe63f4e-aa5f-4300-aa64-94aea8de3f3b}</UniqueIdentifier>
    </Filter>
    <Filter Include="Source Files\stringTools\string_remove">
      <UniqueIdentifier>{72a11264-3159-4574-9ce4-951ccf8e00ce}</UniqueIdentifier>
    </Filter>
    <Filter Include="Source Files\stringTools\string_find">
      <UniqueIdentifier>{e8f9ab8e-9e56-4071-bc30-824a98c4b91d}</UniqueIdentifier>
    </Filter>
    <Filter Include="Source Files\stringTools\string_replace">
      <UniqueIdentifier>{e2d9471f-d287-41bc-8ce6-a272d9db158f}</UniqueIdentifier>
    </Filter>
    <Filter Include="Source Files\stringTools\string_contain">
      <UniqueIdentifier>{83aaf4e9-a11c-4b15-b048-19d405a91a63}</UniqueIdentifier>
    </Filter>
    <Filter Include="Source Files\stringTools\string_split">
      <UniqueIdentifier>{949903f1-c6f0-431c-aedc-8bf1dd71d013}</UniqueIdentifier>
    </Filter>
    <Filter Include="Source Files\stringTools\string_hash">
      <UniqueIdentifier>{f88597c5-2be3-4be8-b7be-4569a2383cd2}</UniqueIdentifier>
    </Filter>
    <Filter Include="Source Files\stringTools\string_copy">
      <UniqueIdentifier>{ef7f5d00-4549-4cb7-9f43-7c55ccff0774}</UniqueIdentifier>
    </Filter>
    <Filter Include="Source Files\AbstractSyntaxTree">
      <UniqueIdentifier>{de5340af-28cb-4a20-a63b-261d04ffc988}</UniqueIdentifier>
    </Filter>
    <Filter Include="Source Files\AbstractSyntaxTree\SyntaxTree">
      <UniqueIdentifier>{ecbbf375-af9e-4ae1-a063-a94991324d1e}</UniqueIdentifier>
    </Filter>
    <Filter Include="Source Files\AbstractSyntaxTree\SyntaxTree\Statements">
      <UniqueIdentifier>{f222bf62-9ac9-436a-95d3-23019a80421c}</UniqueIdentifier>
    </Filter>
    <Filter Include="Source Files\AbstractSyntaxTree\SyntaxTree\Expression">
      <UniqueIdentifier>{b8224908-564a-4a41-99be-ca0f14611ab4}</UniqueIdentifier>
    </Filter>
    <Filter Include="Source Files\AbstractSyntaxTree\SyntaxTree\ClassNode">
      <UniqueIdentifier>{ec7c4531-8356-43ea-9279-6d75fdc74459}</UniqueIdentifier>
    </Filter>
    <Filter Include="Source Files\AbstractSyntaxTree\SyntaxTree\Function">
      <UniqueIdentifier>{7bdf8ece-8390-4fea-936d-d89300c102fd}</UniqueIdentifier>
    </Filter>
    <Filter Include="Source Files\MetaData">
      <UniqueIdentifier>{114747a2-27a4-45d7-a348-ffc91c885b76}</UniqueIdentifier>
    </Filter>
    <Filter Include="Source Files\AbstractSyntaxTree\SyntaxTree\Expression\SyntaxTree_Operator">
      <UniqueIdentifier>{2c142633-f0f1-4c55-906d-4fd3909862e8}</UniqueIdentifier>
    </Filter>
    <Filter Include="Source Files\AbstractSyntaxTree\SyntaxTree\ClassNode\ClassAccessLevel">
      <UniqueIdentifier>{f3c44cde-ef05-44c2-ad01-2cf7541f2d3e}</UniqueIdentifier>
    </Filter>
    <Filter Include="Source Files\MetaData\ArgumentInfo">
      <UniqueIdentifier>{f0128fe6-c5a7-485e-be17-9778e0b2ba4a}</UniqueIdentifier>
    </Filter>
    <Filter Include="Source Files\AbstractSyntaxTree\convertSyntaxTree">
      <UniqueIdentifier>{3b31217c-e489-4ab1-b072-cc4e32276cff}</UniqueIdentifier>
    </Filter>
    <Filter Include="Source Files\AbstractSyntaxTree\convertSyntaxTree\getFunctionDeclaration">
      <UniqueIdentifier>{0164b165-4b51-47dd-8bba-0922bd1ac111}</UniqueIdentifier>
    </Filter>
    <Filter Include="Source Files\AbstractSyntaxTree\convertSyntaxTree\soulChecker">
      <UniqueIdentifier>{801e930a-1dc8-4ff3-bdcd-3634ccf5214c}</UniqueIdentifier>
    </Filter>
    <Filter Include="Source Files\AbstractSyntaxTree\convertSyntaxTree\getFunctionDeclaration\storeArguments">
      <UniqueIdentifier>{247d4530-3d3d-4e53-8103-2ac6b974316b}</UniqueIdentifier>
    </Filter>
    <Filter Include="Source Files\AbstractSyntaxTree\convertSyntaxTree\convertBody">
      <UniqueIdentifier>{4cd1e84e-2ff4-4c85-9fbd-ef4c04f42cc8}</UniqueIdentifier>
    </Filter>
    <Filter Include="Source Files\MetaData\scope">
      <UniqueIdentifier>{7b95f3ff-b9e4-4ccc-baae-e85506dcbc49}</UniqueIdentifier>
    </Filter>
    <Filter Include="Source Files\AbstractSyntaxTree\convertSyntaxTree\convertBody\convertAssignment">
      <UniqueIdentifier>{54ef7660-bbe2-4922-88d7-f24fd97370af}</UniqueIdentifier>
    </Filter>
    <Filter Include="Source Files\MetaData\scope\Type">
      <UniqueIdentifier>{2b74a5c9-f96b-4f21-a07b-d2b1d587872a}</UniqueIdentifier>
    </Filter>
    <Filter Include="Source Files\MetaData\scope\Type\PrimitiveType">
      <UniqueIdentifier>{31e1ca42-3081-4706-933a-17e3656570f2}</UniqueIdentifier>
    </Filter>
    <Filter Include="Source Files\MetaData\scope\Type\TypeWrapper">
      <UniqueIdentifier>{4376a0a7-41eb-447f-845a-392d54a6d93a}</UniqueIdentifier>
    </Filter>
    <Filter Include="Source Files\AbstractSyntaxTree\convertSyntaxTree\convertBody\convertInitVariable">
      <UniqueIdentifier>{fe1d1791-6e0e-4eae-93fc-adee989ea009}</UniqueIdentifier>
    </Filter>
    <Filter Include="Source Files\AbstractSyntaxTree\convertSyntaxTree\convertExpression">
      <UniqueIdentifier>{6f33b6c6-8d01-43f8-99c7-4b4a81e0c2b5}</UniqueIdentifier>
    </Filter>
    <Filter Include="Source Files\AbstractSyntaxTree\convertSyntaxTree\convertExpression\convertFunctionCall">
      <UniqueIdentifier>{394e33e3-ff4f-4141-855c-96142efda78d}</UniqueIdentifier>
    </Filter>
    <Filter Include="Source Files\AbstractSyntaxTree\convertSyntaxTree\convertBody\convertReturnStatment">
      <UniqueIdentifier>{8205621a-a425-4766-8ba0-aeedb473689c}</UniqueIdentifier>
    </Filter>
    <Filter Include="Source Files\AbstractSyntaxTree\convertSyntaxTree\convertBody\convertCompileConstVariable">
      <UniqueIdentifier>{67b254cf-99bc-4db6-8e95-39a8a6da1f1c}</UniqueIdentifier>
    </Filter>
    <Filter Include="Source Files\AbstractSyntaxTree\convertSyntaxTree\convertBody\ConditionalStatment">
      <UniqueIdentifier>{5869a061-9807-45ba-933e-43541ee7e879}</UniqueIdentifier>
    </Filter>
  </ItemGroup>
  <ItemGroup>
    <ClCompile Include="main.cpp">
      <Filter>Source Files</Filter>
    </ClCompile>
    <ClCompile Include="readFile.cpp">
      <Filter>Source Files\readFile</Filter>
    </ClCompile>
    <ClCompile Include="tokenizer.cpp">
      <Filter>Source Files\tokenizer</Filter>
    </ClCompile>
    <ClCompile Include="string_remove.cpp">
      <Filter>Source Files\stringTools\string_remove</Filter>
    </ClCompile>
    <ClCompile Include="string_find.cpp">
      <Filter>Source Files\stringTools\string_find</Filter>
    </ClCompile>
    <ClCompile Include="string_replace.cpp">
      <Filter>Source Files\stringTools\string_replace</Filter>
    </ClCompile>
    <ClCompile Include="string_contain.cpp">
      <Filter>Source Files\stringTools\string_contain</Filter>
    </ClCompile>
    <ClCompile Include="string_split.cpp">
      <Filter>Source Files\stringTools\string_split</Filter>
    </ClCompile>
    <ClCompile Include="string_hash.cpp">
      <Filter>Source Files\stringTools\string_hash</Filter>
    </ClCompile>
    <ClCompile Include="string_copy.cpp">
      <Filter>Source Files\stringTools\string_copy</Filter>
    </ClCompile>
    <ClCompile Include="getAbstractSyntaxTree.cpp">
      <Filter>Source Files\AbstractSyntaxTree</Filter>
    </ClCompile>
    <ClCompile Include="SyntaxTree_Operator.cpp">
      <Filter>Source Files\AbstractSyntaxTree\SyntaxTree\Expression\SyntaxTree_Operator</Filter>
    </ClCompile>
    <ClCompile Include="ClassAccessLevel.cpp">
      <Filter>Source Files\AbstractSyntaxTree\SyntaxTree\ClassNode\ClassAccessLevel</Filter>
    </ClCompile>
    <ClCompile Include="ArgumentInfo.cpp">
      <Filter>Source Files\MetaData\ArgumentInfo</Filter>
    </ClCompile>
    <ClCompile Include="getFunctionDeclaration.cpp">
      <Filter>Source Files\AbstractSyntaxTree\convertSyntaxTree\getFunctionDeclaration</Filter>
    </ClCompile>
    <ClCompile Include="soulChecker.cpp">
      <Filter>Source Files\AbstractSyntaxTree\convertSyntaxTree\soulChecker</Filter>
    </ClCompile>
    <ClCompile Include="storeArguments.cpp">
      <Filter>Source Files\AbstractSyntaxTree\convertSyntaxTree\getFunctionDeclaration\storeArguments</Filter>
    </ClCompile>
    <ClCompile Include="PrimitiveType.cpp">
      <Filter>Source Files\MetaData\scope\Type\PrimitiveType</Filter>
    </ClCompile>
    <ClCompile Include="Type.cpp">
      <Filter>Source Files\MetaData\scope\Type</Filter>
    </ClCompile>
    <ClCompile Include="TypeWrapper.cpp">
      <Filter>Source Files\MetaData\scope\Type\TypeWrapper</Filter>
    </ClCompile>
    <ClCompile Include="DuckType.cpp">
      <Filter>Source Files\MetaData\scope\Type\PrimitiveType</Filter>
    </ClCompile>
    <ClCompile Include="TypeCatagory.cpp">
      <Filter>Source Files\MetaData\scope\Type\PrimitiveType</Filter>
    </ClCompile>
    <ClCompile Include="convertBody.cpp">
      <Filter>Source Files\AbstractSyntaxTree\convertSyntaxTree\convertBody</Filter>
    </ClCompile>
    <ClCompile Include="convertAssignment.cpp">
      <Filter>Source Files\AbstractSyntaxTree\convertSyntaxTree\convertBody\convertAssignment</Filter>
    </ClCompile>
    <ClCompile Include="convertInitVariable.cpp">
      <Filter>Source Files\AbstractSyntaxTree\convertSyntaxTree\convertBody\convertInitVariable</Filter>
    </ClCompile>
    <ClCompile Include="convertExpression.cpp">
      <Filter>Source Files\AbstractSyntaxTree\convertSyntaxTree\convertExpression</Filter>
    </ClCompile>
    <ClCompile Include="convertFunctionCall.cpp">
      <Filter>Source Files\AbstractSyntaxTree\convertSyntaxTree\convertExpression\convertFunctionCall</Filter>
    </ClCompile>
    <ClCompile Include="convertReturnStatment.cpp">
      <Filter>Source Files\AbstractSyntaxTree\convertSyntaxTree\convertBody\convertReturnStatment</Filter>
    </ClCompile>
    <ClCompile Include="SyntaxNodeId.cpp">
      <Filter>Source Files\AbstractSyntaxTree\SyntaxTree</Filter>
    </ClCompile>
    <ClCompile Include="convertCompileConstVariable.cpp">
      <Filter>Source Files\AbstractSyntaxTree\convertSyntaxTree\convertBody\convertCompileConstVariable</Filter>
    </ClCompile>
    <ClCompile Include="convertIf_else_elseIfStatments.cpp">
      <Filter>Source Files\AbstractSyntaxTree\convertSyntaxTree\convertBody\ConditionalStatment</Filter>
    </ClCompile>
    <ClCompile Include="convertWhileStatment.cpp">
      <Filter>Source Files\AbstractSyntaxTree\convertSyntaxTree\convertBody\ConditionalStatment</Filter>
    </ClCompile>
    <ClCompile Include="convertForStatment.cpp">
      <Filter>Source Files\AbstractSyntaxTree\convertSyntaxTree\convertBody\ConditionalStatment</Filter>
    </ClCompile>
  </ItemGroup>
  <ItemGroup>
    <None Include="Source.soul">
      <Filter>Source Files</Filter>
    </None>
    <None Include="quickTest.soul">
      <Filter>Source Files</Filter>
    </None>
  </ItemGroup>
  <ItemGroup>
    <ClInclude Include="readFile.h">
      <Filter>Source Files\readFile</Filter>
    </ClInclude>
    <ClInclude Include="tokenizer.h">
      <Filter>Source Files\tokenizer</Filter>
    </ClInclude>
    <ClInclude Include="stringTools.h">
      <Filter>Source Files\stringTools</Filter>
    </ClInclude>
    <ClInclude Include="string_remove.h">
      <Filter>Source Files\stringTools\string_remove</Filter>
    </ClInclude>
    <ClInclude Include="string_find.h">
      <Filter>Source Files\stringTools\string_find</Filter>
    </ClInclude>
    <ClInclude Include="string_replace.h">
      <Filter>Source Files\stringTools\string_replace</Filter>
    </ClInclude>
    <ClInclude Include="string_contain.h">
      <Filter>Source Files\stringTools\string_contain</Filter>
    </ClInclude>
    <ClInclude Include="string_split.h">
      <Filter>Source Files\stringTools\string_split</Filter>
    </ClInclude>
    <ClInclude Include="string_hash.h">
      <Filter>Source Files\stringTools\string_hash</Filter>
    </ClInclude>
    <ClInclude Include="string_copy.h">
      <Filter>Source Files\stringTools\string_copy</Filter>
    </ClInclude>
    <ClInclude Include="Result.h">
      <Filter>Source Files\MetaData</Filter>
    </ClInclude>
    <ClInclude Include="Token.h">
      <Filter>Source Files\MetaData</Filter>
    </ClInclude>
    <ClInclude Include="MetaData.h">
      <Filter>Source Files\MetaData</Filter>
    </ClInclude>
    <ClInclude Include="C_strPair.h">
      <Filter>Source Files\MetaData</Filter>
    </ClInclude>
    <ClInclude Include="getAbstractSyntaxTree.h">
      <Filter>Source Files\AbstractSyntaxTree</Filter>
    </ClInclude>
    <ClInclude Include="SyntaxTree.h">
      <Filter>Source Files\AbstractSyntaxTree\SyntaxTree</Filter>
    </ClInclude>
    <ClInclude Include="FuncDeclaration.h">
      <Filter>Source Files\MetaData</Filter>
    </ClInclude>
    <ClInclude Include="ISyntaxNode.h">
      <Filter>Source Files\AbstractSyntaxTree\SyntaxTree</Filter>
    </ClInclude>
    <ClInclude Include="SuperStatement.h">
      <Filter>Source Files\AbstractSyntaxTree\SyntaxTree\Statements</Filter>
    </ClInclude>
    <ClInclude Include="Assignment.h">
      <Filter>Source Files\AbstractSyntaxTree\SyntaxTree\Statements</Filter>
    </ClInclude>
    <ClInclude Include="SuperExpression.h">
      <Filter>Source Files\AbstractSyntaxTree\SyntaxTree\Expression</Filter>
    </ClInclude>
    <ClInclude Include="Literal.h">
      <Filter>Source Files\AbstractSyntaxTree\SyntaxTree\Expression</Filter>
    </ClInclude>
    <ClInclude Include="Variable.h">
      <Filter>Source Files\AbstractSyntaxTree\SyntaxTree\Expression</Filter>
    </ClInclude>
    <ClInclude Include="BinairyExpression.h">
      <Filter>Source Files\AbstractSyntaxTree\SyntaxTree\Expression</Filter>
    </ClInclude>
    <ClInclude Include="SuperMainNodes.h">
      <Filter>Source Files\AbstractSyntaxTree\SyntaxTree</Filter>
    </ClInclude>
    <ClInclude Include="InitVariable.h">
      <Filter>Source Files\AbstractSyntaxTree\SyntaxTree\Statements</Filter>
    </ClInclude>
    <ClInclude Include="ClassNode.h">
      <Filter>Source Files\AbstractSyntaxTree\SyntaxTree\ClassNode</Filter>
    </ClInclude>
    <ClInclude Include="FieldNode.h">
      <Filter>Source Files\AbstractSyntaxTree\SyntaxTree\ClassNode</Filter>
    </ClInclude>
    <ClInclude Include="BodyNode.h">
      <Filter>Source Files\AbstractSyntaxTree\SyntaxTree\Function</Filter>
    </ClInclude>
    <ClInclude Include="FuncNode.h">
      <Filter>Source Files\AbstractSyntaxTree\SyntaxTree\Function</Filter>
    </ClInclude>
    <ClInclude Include="MethodeNode.h">
      <Filter>Source Files\AbstractSyntaxTree\SyntaxTree\ClassNode</Filter>
    </ClInclude>
    <ClInclude Include="SyntaxTree_Operator.h">
      <Filter>Source Files\AbstractSyntaxTree\SyntaxTree\Expression\SyntaxTree_Operator</Filter>
    </ClInclude>
    <ClInclude Include="ClassAccessLevel.h">
      <Filter>Source Files\AbstractSyntaxTree\SyntaxTree\ClassNode\ClassAccessLevel</Filter>
    </ClInclude>
    <ClInclude Include="ArgumentInfo.h">
      <Filter>Source Files\MetaData\ArgumentInfo</Filter>
    </ClInclude>
    <ClInclude Include="SyntaxNodeId.h">
      <Filter>Source Files\AbstractSyntaxTree\SyntaxTree</Filter>
    </ClInclude>
    <ClInclude Include="getFunctionDeclaration.h">
      <Filter>Source Files\AbstractSyntaxTree\convertSyntaxTree\getFunctionDeclaration</Filter>
    </ClInclude>
    <ClInclude Include="soulChecker.h">
      <Filter>Source Files\AbstractSyntaxTree\convertSyntaxTree\soulChecker</Filter>
    </ClInclude>
    <ClInclude Include="storeArguments.h">
      <Filter>Source Files\AbstractSyntaxTree\convertSyntaxTree\getFunctionDeclaration\storeArguments</Filter>
    </ClInclude>
    <ClInclude Include="PrimitiveType.h">
      <Filter>Source Files\MetaData\scope\Type\PrimitiveType</Filter>
    </ClInclude>
    <ClInclude Include="Type.h">
      <Filter>Source Files\MetaData\scope\Type</Filter>
    </ClInclude>
    <ClInclude Include="TypeWrapper.h">
      <Filter>Source Files\MetaData\scope\Type\TypeWrapper</Filter>
    </ClInclude>
    <ClInclude Include="DuckType.h">
      <Filter>Source Files\MetaData\scope\Type\PrimitiveType</Filter>
    </ClInclude>
    <ClInclude Include="TypeCatagory.h">
      <Filter>Source Files\MetaData\scope\Type\PrimitiveType</Filter>
    </ClInclude>
    <ClInclude Include="convertBody.h">
      <Filter>Source Files\AbstractSyntaxTree\convertSyntaxTree\convertBody</Filter>
    </ClInclude>
    <ClInclude Include="ClassInfo.h">
      <Filter>Source Files\MetaData\scope\Type</Filter>
    </ClInclude>
    <ClInclude Include="VarInfo.h">
      <Filter>Source Files\MetaData\scope</Filter>
    </ClInclude>
    <ClInclude Include="Nesting.h">
      <Filter>Source Files\MetaData\scope</Filter>
    </ClInclude>
    <ClInclude Include="ScopeIterator.h">
      <Filter>Source Files\MetaData\scope</Filter>
    </ClInclude>
    <ClInclude Include="convertAssignment.h">
      <Filter>Source Files\AbstractSyntaxTree\convertSyntaxTree\convertBody\convertAssignment</Filter>
    </ClInclude>
    <ClInclude Include="CurrentContext.h">
      <Filter>Source Files\MetaData</Filter>
    </ClInclude>
    <ClInclude Include="Increment.h">
      <Filter>Source Files\AbstractSyntaxTree\SyntaxTree\Expression</Filter>
    </ClInclude>
    <ClInclude Include="convertInitVariable.h">
      <Filter>Source Files\AbstractSyntaxTree\convertSyntaxTree\convertBody\convertInitVariable</Filter>
    </ClInclude>
    <ClInclude Include="convertExpression.h">
      <Filter>Source Files\AbstractSyntaxTree\convertSyntaxTree\convertExpression</Filter>
    </ClInclude>
    <ClInclude Include="convertFunctionCall.h">
      <Filter>Source Files\AbstractSyntaxTree\convertSyntaxTree\convertExpression\convertFunctionCall</Filter>
    </ClInclude>
    <ClInclude Include="FunctionCall.h">
      <Filter>Source Files\AbstractSyntaxTree\SyntaxTree\Expression</Filter>
    </ClInclude>
    <ClInclude Include="FunctionCallStatment.h">
      <Filter>Source Files\AbstractSyntaxTree\SyntaxTree\Statements</Filter>
    </ClInclude>
    <ClInclude Include="EmptyExpression.h">
      <Filter>Source Files\AbstractSyntaxTree\SyntaxTree\Expression</Filter>
    </ClInclude>
    <ClInclude Include="internalFuntions.h">
      <Filter>Source Files\MetaData</Filter>
    </ClInclude>
    <ClInclude Include="ReturnStatment.h">
      <Filter>Source Files\AbstractSyntaxTree\SyntaxTree\Statements</Filter>
    </ClInclude>
    <ClInclude Include="convertReturnStatment.h">
      <Filter>Source Files\AbstractSyntaxTree\convertSyntaxTree\convertBody\convertReturnStatment</Filter>
    </ClInclude>
    <ClInclude Include="Optional.h">
      <Filter>Source Files\AbstractSyntaxTree\SyntaxTree\Expression</Filter>
    </ClInclude>
    <ClInclude Include="StringLiteral.h">
      <Filter>Source Files\AbstractSyntaxTree\SyntaxTree\Expression</Filter>
    </ClInclude>
    <ClInclude Include="Refrence.h">
      <Filter>Source Files\AbstractSyntaxTree\SyntaxTree\Expression</Filter>
    </ClInclude>
    <ClInclude Include="CompileConstVariable.h">
      <Filter>Source Files\AbstractSyntaxTree\SyntaxTree\Statements</Filter>
    </ClInclude>
    <ClInclude Include="convertCompileConstVariable.h">
      <Filter>Source Files\AbstractSyntaxTree\convertSyntaxTree\convertBody\convertCompileConstVariable</Filter>
    </ClInclude>
    <ClInclude Include="ConditionalStatmentsId.h">
      <Filter>Source Files\MetaData</Filter>
    </ClInclude>
    <ClInclude Include="SuperConditionalStatment.h">
      <Filter>Source Files\AbstractSyntaxTree\SyntaxTree\Statements</Filter>
    </ClInclude>
    <ClInclude Include="If_else_elseIf_Statments.h">
      <Filter>Source Files\AbstractSyntaxTree\SyntaxTree\Statements</Filter>
    </ClInclude>
    <ClInclude Include="convertIf_else_elseIfStatments.h">
      <Filter>Source Files\AbstractSyntaxTree\convertSyntaxTree\convertBody\ConditionalStatment</Filter>
    </ClInclude>
    <ClInclude Include="EmptyStatment.h">
      <Filter>Source Files\AbstractSyntaxTree\SyntaxTree\Statements</Filter>
    </ClInclude>
    <ClInclude Include="WhileStatment.h">
      <Filter>Source Files\AbstractSyntaxTree\SyntaxTree\Statements</Filter>
    </ClInclude>
    <ClInclude Include="convertWhileStatment.h">
      <Filter>Source Files\AbstractSyntaxTree\convertSyntaxTree\convertBody\ConditionalStatment</Filter>
    </ClInclude>
    <ClInclude Include="ForStatment.h">
      <Filter>Source Files\AbstractSyntaxTree\SyntaxTree\Statements</Filter>
    </ClInclude>
    <ClInclude Include="Nullable.h">
      <Filter>Source Files\MetaData</Filter>
    </ClInclude>
    <ClInclude Include="convertForStatment.h">
      <Filter>Source Files\AbstractSyntaxTree\convertSyntaxTree\convertBody\ConditionalStatment</Filter>
    </ClInclude>
  </ItemGroup>
</Project>